
Microsoft Visual Studio Solution File, Format Version 12.00
# Visual Studio 15
VisualStudioVersion = 15.0.28307.102
MinimumVisualStudioVersion = 10.0.40219.1
Project("{FAE04EC0-301F-11D3-BF4B-00C04F79EFBC}") = "PacáisteTeanga", "PacáisteTeanga\PacáisteTeanga.csproj", "{D07F6ECC-2E28-427B-B258-E0E2A50DA9EB}"
EndProject
Global
	GlobalSection(SolutionConfigurationPlatforms) = preSolution
		Debug|Any CPU = Debug|Any CPU
		Release|Any CPU = Release|Any CPU
	EndGlobalSection
	GlobalSection(ProjectConfigurationPlatforms) = postSolution
		{D07F6ECC-2E28-427B-B258-E0E2A50DA9EB}.Debug|Any CPU.ActiveCfg = Debug|Any CPU
		{D07F6ECC-2E28-427B-B258-E0E2A50DA9EB}.Debug|Any CPU.Build.0 = Debug|Any CPU
		{D07F6ECC-2E28-427B-B258-E0E2A50DA9EB}.Release|Any CPU.ActiveCfg = Release|Any CPU
		{D07F6ECC-2E28-427B-B258-E0E2A50DA9EB}.Release|Any CPU.Build.0 = Release|Any CPU
	EndGlobalSection
	GlobalSection(SolutionProperties) = preSolution
		HideSolutionNode = FALSE
	EndGlobalSection
	GlobalSection(ExtensibilityGlobals) = postSolution
		SolutionGuid = {8047A5BA-ED94-4A78-A61D-B49BED55F3CB}
	EndGlobalSection
EndGlobal
